
Microsoft Visual Studio Solution File, Format Version 12.00
# Visual Studio Version 17
VisualStudioVersion = 17.0.31903.59
MinimumVisualStudioVersion = 10.0.40219.1
Project("{2150E333-8FDC-42A3-9474-1A3956D46DE8}") = "src", "src", "{827E0CD3-B72D-47B6-A68D-7590B98EB39B}"
EndProject
Project("{FAE04EC0-301F-11D3-BF4B-00C04F79EFBC}") = "Loom", "src\Loom\Loom.csproj", "{C1379C31-6F93-4956-BA04-5427BDCEFE4F}"
EndProject
Project("{2150E333-8FDC-42A3-9474-1A3956D46DE8}") = "tests", "tests", "{0AB3BF05-4346-4AA6-1389-037BE0695223}"
EndProject
Project("{FAE04EC0-301F-11D3-BF4B-00C04F79EFBC}") = "Loom.Tests", "tests\Loom.Tests\Loom.Tests.csproj", "{AF2E05F2-ACF9-499B-B0CB-6FF309EC19C3}"
EndProject
Project("{2150E333-8FDC-42A3-9474-1A3956D46DE8}") = "samples", "samples", "{5D20AA90-6969-D8BD-9DCD-8634F4692FDA}"
EndProject
Project("{FAE04EC0-301F-11D3-BF4B-00C04F79EFBC}") = "Loom.Sample", "samples\Loom.Sample\Loom.Sample.csproj", "{19B6F619-003B-476E-B7E2-717B3ABA3EF1}"
EndProject
Project("{FAE04EC0-301F-11D3-BF4B-00C04F79EFBC}") = "Loom.SpeedDemo", "samples\Loom.SpeedDemo\Loom.SpeedDemo.csproj", "{A8F3C21E-9B4D-4E7A-8C1F-2D5E6A7B8C9D}"
EndProject
Project("{FAE04EC0-301F-11D3-BF4B-00C04F79EFBC}") = "Loom.Generators", "src\Loom.Generators\Loom.Generators.csproj", "{EFF406BF-0DDC-4688-A645-C0B630F00CF0}"
EndProject
Project("{FAE04EC0-301F-11D3-BF4B-00C04F79EFBC}") = "Loom.Unity", "src\Loom.Unity\Loom.Unity.csproj", "{617B7086-68C1-4A6F-AEB7-9FBE48F7A0EB}"
EndProject
Project("{FAE04EC0-301F-11D3-BF4B-00C04F79EFBC}") = "Loom.GeneratorTests", "tests\Loom.GeneratorTests\Loom.GeneratorTests.csproj", "{F063628C-312B-4405-80DF-693B150F7510}"
EndProject
Project("{FAE04EC0-301F-11D3-BF4B-00C04F79EFBC}") = "Loom.Serialization", "src\Loom.Serialization\Loom.Serialization.csproj", "{C84A1EE5-F4E6-4516-B3A6-DE3A5ACAB429}"
EndProject
Project("{FAE04EC0-301F-11D3-BF4B-00C04F79EFBC}") = "Loom.SharedComponents", "samples\Loom.SharedComponents\Loom.SharedComponents.csproj", "{512E782E-D737-497B-ADA4-ACAE54F9A234}"
EndProject
Project("{FAE04EC0-301F-11D3-BF4B-00C04F79EFBC}") = "Loom.Prefabs", "samples\Loom.Prefabs\Loom.Prefabs.csproj", "{6F907C6C-CBD6-4082-92B7-3720AC6E449A}"
EndProject
Project("{FAE04EC0-301F-11D3-BF4B-00C04F79EFBC}") = "Loom.Hierarchy", "samples\Loom.Hierarchy\Loom.Hierarchy.csproj", "{15C1F5AD-4435-4AD7-87B1-2904F09E49F5}"
EndProject
Project("{FAE04EC0-301F-11D3-BF4B-00C04F79EFBC}") = "Loom.Relations", "samples\Loom.Relations\Loom.Relations.csproj", "{5BA346DC-84E8-4206-A534-A08E7C35E3F5}"
EndProject
Project("{FAE04EC0-301F-11D3-BF4B-00C04F79EFBC}") = "Loom.QueryFilters", "samples\Loom.QueryFilters\Loom.QueryFilters.csproj", "{DC98DBD1-D1D3-457A-A901-B35700AA9EFB}"
EndProject
Project("{FAE04EC0-301F-11D3-BF4B-00C04F79EFBC}") = "Loom.Systems", "samples\Loom.Systems\Loom.Systems.csproj", "{E4A3ED01-A0F2-4632-9F2B-504E2861949A}"
EndProject
Project("{FAE04EC0-301F-11D3-BF4B-00C04F79EFBC}") = "Loom.Tags", "samples\Loom.Tags\Loom.Tags.csproj", "{7EF9945C-2FF2-4769-AE9A-7298D89880DA}"
EndProject
Project("{FAE04EC0-301F-11D3-BF4B-00C04F79EFBC}") = "Loom.Accessors", "samples\Loom.Accessors\Loom.Accessors.csproj", "{B2E524D3-089A-4CB8-82CE-544FF576A479}"
EndProject
Project("{FAE04EC0-301F-11D3-BF4B-00C04F79EFBC}") = "Loom.SerializationDemo", "samples\Loom.SerializationDemo\Loom.SerializationDemo.csproj", "{FDAE545E-7F87-48C2-BB3E-C2DAB54A3D5F}"
EndProject
Project("{FAE04EC0-301F-11D3-BF4B-00C04F79EFBC}") = "Loom.ScheduleRates", "samples\Loom.ScheduleRates\Loom.ScheduleRates.csproj", "{177764DC-2FB9-49F7-B16C-43260CB8D61D}"
EndProject
Project("{2150E333-8FDC-42A3-9474-1A3956D46DE8}") = "benchmarks", "benchmarks", "{66320409-64EC-F7C5-3DEF-65E7510DAAD1}"
EndProject
Project("{FAE04EC0-301F-11D3-BF4B-00C04F79EFBC}") = "Loom.Benchmarks", "benchmarks\Loom.Benchmarks\Loom.Benchmarks.csproj", "{739C254C-DC96-4F6E-926A-66A1DFB6CDB8}"
EndProject
Project("{FAE04EC0-301F-11D3-BF4B-00C04F79EFBC}") = "Loom.Net", "src\Loom.Net\Loom.Net.csproj", "{E2C0837F-9850-4795-921C-03B27C258C38}"
EndProject
Project("{FAE04EC0-301F-11D3-BF4B-00C04F79EFBC}") = "Loom.Net.Tests", "tests\Loom.Net.Tests\Loom.Net.Tests.csproj", "{E17E3B01-A7BF-40A5-91F8-3A45DD92DA3B}"
EndProject
Project("{FAE04EC0-301F-11D3-BF4B-00C04F79EFBC}") = "Loom.NetDemo", "samples\Loom.NetDemo\Loom.NetDemo.csproj", "{A8A4B96F-3E4A-424D-B1C7-C7B9D6CB00DC}"
EndProject
Global
	GlobalSection(SolutionConfigurationPlatforms) = preSolution
		Debug|Any CPU = Debug|Any CPU
		Debug|x64 = Debug|x64
		Debug|x86 = Debug|x86
		Release|Any CPU = Release|Any CPU
		Release|x64 = Release|x64
		Release|x86 = Release|x86
	EndGlobalSection
	GlobalSection(ProjectConfigurationPlatforms) = postSolution
		{C1379C31-6F93-4956-BA04-5427BDCEFE4F}.Debug|Any CPU.ActiveCfg = Debug|Any CPU
		{C1379C31-6F93-4956-BA04-5427BDCEFE4F}.Debug|Any CPU.Build.0 = Debug|Any CPU
		{C1379C31-6F93-4956-BA04-5427BDCEFE4F}.Debug|x64.ActiveCfg = Debug|Any CPU
		{C1379C31-6F93-4956-BA04-5427BDCEFE4F}.Debug|x64.Build.0 = Debug|Any CPU
		{C1379C31-6F93-4956-BA04-5427BDCEFE4F}.Debug|x86.ActiveCfg = Debug|Any CPU
		{C1379C31-6F93-4956-BA04-5427BDCEFE4F}.Debug|x86.Build.0 = Debug|Any CPU
		{C1379C31-6F93-4956-BA04-5427BDCEFE4F}.Release|Any CPU.ActiveCfg = Release|Any CPU
		{C1379C31-6F93-4956-BA04-5427BDCEFE4F}.Release|Any CPU.Build.0 = Release|Any CPU
		{C1379C31-6F93-4956-BA04-5427BDCEFE4F}.Release|x64.ActiveCfg = Release|Any CPU
		{C1379C31-6F93-4956-BA04-5427BDCEFE4F}.Release|x64.Build.0 = Release|Any CPU
		{C1379C31-6F93-4956-BA04-5427BDCEFE4F}.Release|x86.ActiveCfg = Release|Any CPU
		{C1379C31-6F93-4956-BA04-5427BDCEFE4F}.Release|x86.Build.0 = Release|Any CPU
		{AF2E05F2-ACF9-499B-B0CB-6FF309EC19C3}.Debug|Any CPU.ActiveCfg = Debug|Any CPU
		{AF2E05F2-ACF9-499B-B0CB-6FF309EC19C3}.Debug|Any CPU.Build.0 = Debug|Any CPU
		{AF2E05F2-ACF9-499B-B0CB-6FF309EC19C3}.Debug|x64.ActiveCfg = Debug|Any CPU
		{AF2E05F2-ACF9-499B-B0CB-6FF309EC19C3}.Debug|x64.Build.0 = Debug|Any CPU
		{AF2E05F2-ACF9-499B-B0CB-6FF309EC19C3}.Debug|x86.ActiveCfg = Debug|Any CPU
		{AF2E05F2-ACF9-499B-B0CB-6FF309EC19C3}.Debug|x86.Build.0 = Debug|Any CPU
		{AF2E05F2-ACF9-499B-B0CB-6FF309EC19C3}.Release|Any CPU.ActiveCfg = Release|Any CPU
		{AF2E05F2-ACF9-499B-B0CB-6FF309EC19C3}.Release|Any CPU.Build.0 = Release|Any CPU
		{AF2E05F2-ACF9-499B-B0CB-6FF309EC19C3}.Release|x64.ActiveCfg = Release|Any CPU
		{AF2E05F2-ACF9-499B-B0CB-6FF309EC19C3}.Release|x64.Build.0 = Release|Any CPU
		{AF2E05F2-ACF9-499B-B0CB-6FF309EC19C3}.Release|x86.ActiveCfg = Release|Any CPU
		{AF2E05F2-ACF9-499B-B0CB-6FF309EC19C3}.Release|x86.Build.0 = Release|Any CPU
		{19B6F619-003B-476E-B7E2-717B3ABA3EF1}.Debug|Any CPU.ActiveCfg = Debug|Any CPU
		{19B6F619-003B-476E-B7E2-717B3ABA3EF1}.Debug|Any CPU.Build.0 = Debug|Any CPU
		{19B6F619-003B-476E-B7E2-717B3ABA3EF1}.Debug|x64.ActiveCfg = Debug|Any CPU
		{19B6F619-003B-476E-B7E2-717B3ABA3EF1}.Debug|x64.Build.0 = Debug|Any CPU
		{19B6F619-003B-476E-B7E2-717B3ABA3EF1}.Debug|x86.ActiveCfg = Debug|Any CPU
		{19B6F619-003B-476E-B7E2-717B3ABA3EF1}.Debug|x86.Build.0 = Debug|Any CPU
		{19B6F619-003B-476E-B7E2-717B3ABA3EF1}.Release|Any CPU.ActiveCfg = Release|Any CPU
		{19B6F619-003B-476E-B7E2-717B3ABA3EF1}.Release|Any CPU.Build.0 = Release|Any CPU
		{19B6F619-003B-476E-B7E2-717B3ABA3EF1}.Release|x64.ActiveCfg = Release|Any CPU
		{19B6F619-003B-476E-B7E2-717B3ABA3EF1}.Release|x64.Build.0 = Release|Any CPU
		{19B6F619-003B-476E-B7E2-717B3ABA3EF1}.Release|x86.ActiveCfg = Release|Any CPU
		{19B6F619-003B-476E-B7E2-717B3ABA3EF1}.Release|x86.Build.0 = Release|Any CPU
		{A8F3C21E-9B4D-4E7A-8C1F-2D5E6A7B8C9D}.Debug|Any CPU.ActiveCfg = Debug|Any CPU
		{A8F3C21E-9B4D-4E7A-8C1F-2D5E6A7B8C9D}.Debug|Any CPU.Build.0 = Debug|Any CPU
		{A8F3C21E-9B4D-4E7A-8C1F-2D5E6A7B8C9D}.Debug|x64.ActiveCfg = Debug|Any CPU
		{A8F3C21E-9B4D-4E7A-8C1F-2D5E6A7B8C9D}.Debug|x64.Build.0 = Debug|Any CPU
		{A8F3C21E-9B4D-4E7A-8C1F-2D5E6A7B8C9D}.Debug|x86.ActiveCfg = Debug|Any CPU
		{A8F3C21E-9B4D-4E7A-8C1F-2D5E6A7B8C9D}.Debug|x86.Build.0 = Debug|Any CPU
		{A8F3C21E-9B4D-4E7A-8C1F-2D5E6A7B8C9D}.Release|Any CPU.ActiveCfg = Release|Any CPU
		{A8F3C21E-9B4D-4E7A-8C1F-2D5E6A7B8C9D}.Release|Any CPU.Build.0 = Release|Any CPU
		{A8F3C21E-9B4D-4E7A-8C1F-2D5E6A7B8C9D}.Release|x64.ActiveCfg = Release|Any CPU
		{A8F3C21E-9B4D-4E7A-8C1F-2D5E6A7B8C9D}.Release|x64.Build.0 = Release|Any CPU
		{A8F3C21E-9B4D-4E7A-8C1F-2D5E6A7B8C9D}.Release|x86.ActiveCfg = Release|Any CPU
		{A8F3C21E-9B4D-4E7A-8C1F-2D5E6A7B8C9D}.Release|x86.Build.0 = Release|Any CPU
		{EFF406BF-0DDC-4688-A645-C0B630F00CF0}.Debug|Any CPU.ActiveCfg = Debug|Any CPU
		{EFF406BF-0DDC-4688-A645-C0B630F00CF0}.Debug|Any CPU.Build.0 = Debug|Any CPU
		{EFF406BF-0DDC-4688-A645-C0B630F00CF0}.Debug|x64.ActiveCfg = Debug|Any CPU
		{EFF406BF-0DDC-4688-A645-C0B630F00CF0}.Debug|x64.Build.0 = Debug|Any CPU
		{EFF406BF-0DDC-4688-A645-C0B630F00CF0}.Debug|x86.ActiveCfg = Debug|Any CPU
		{EFF406BF-0DDC-4688-A645-C0B630F00CF0}.Debug|x86.Build.0 = Debug|Any CPU
		{EFF406BF-0DDC-4688-A645-C0B630F00CF0}.Release|Any CPU.ActiveCfg = Release|Any CPU
		{EFF406BF-0DDC-4688-A645-C0B630F00CF0}.Release|Any CPU.Build.0 = Release|Any CPU
		{EFF406BF-0DDC-4688-A645-C0B630F00CF0}.Release|x64.ActiveCfg = Release|Any CPU
		{EFF406BF-0DDC-4688-A645-C0B630F00CF0}.Release|x64.Build.0 = Release|Any CPU
		{EFF406BF-0DDC-4688-A645-C0B630F00CF0}.Release|x86.ActiveCfg = Release|Any CPU
		{EFF406BF-0DDC-4688-A645-C0B630F00CF0}.Release|x86.Build.0 = Release|Any CPU
		{617B7086-68C1-4A6F-AEB7-9FBE48F7A0EB}.Debug|Any CPU.ActiveCfg = Debug|Any CPU
		{617B7086-68C1-4A6F-AEB7-9FBE48F7A0EB}.Debug|Any CPU.Build.0 = Debug|Any CPU
		{617B7086-68C1-4A6F-AEB7-9FBE48F7A0EB}.Debug|x64.ActiveCfg = Debug|Any CPU
		{617B7086-68C1-4A6F-AEB7-9FBE48F7A0EB}.Debug|x64.Build.0 = Debug|Any CPU
		{617B7086-68C1-4A6F-AEB7-9FBE48F7A0EB}.Debug|x86.ActiveCfg = Debug|Any CPU
		{617B7086-68C1-4A6F-AEB7-9FBE48F7A0EB}.Debug|x86.Build.0 = Debug|Any CPU
		{617B7086-68C1-4A6F-AEB7-9FBE48F7A0EB}.Release|Any CPU.ActiveCfg = Release|Any CPU
		{617B7086-68C1-4A6F-AEB7-9FBE48F7A0EB}.Release|Any CPU.Build.0 = Release|Any CPU
		{617B7086-68C1-4A6F-AEB7-9FBE48F7A0EB}.Release|x64.ActiveCfg = Release|Any CPU
		{617B7086-68C1-4A6F-AEB7-9FBE48F7A0EB}.Release|x64.Build.0 = Release|Any CPU
		{617B7086-68C1-4A6F-AEB7-9FBE48F7A0EB}.Release|x86.ActiveCfg = Release|Any CPU
		{617B7086-68C1-4A6F-AEB7-9FBE48F7A0EB}.Release|x86.Build.0 = Release|Any CPU
		{F063628C-312B-4405-80DF-693B150F7510}.Debug|Any CPU.ActiveCfg = Debug|Any CPU
		{F063628C-312B-4405-80DF-693B150F7510}.Debug|Any CPU.Build.0 = Debug|Any CPU
		{F063628C-312B-4405-80DF-693B150F7510}.Debug|x64.ActiveCfg = Debug|Any CPU
		{F063628C-312B-4405-80DF-693B150F7510}.Debug|x64.Build.0 = Debug|Any CPU
		{F063628C-312B-4405-80DF-693B150F7510}.Debug|x86.ActiveCfg = Debug|Any CPU
		{F063628C-312B-4405-80DF-693B150F7510}.Debug|x86.Build.0 = Debug|Any CPU
		{F063628C-312B-4405-80DF-693B150F7510}.Release|Any CPU.ActiveCfg = Release|Any CPU
		{F063628C-312B-4405-80DF-693B150F7510}.Release|Any CPU.Build.0 = Release|Any CPU
		{F063628C-312B-4405-80DF-693B150F7510}.Release|x64.ActiveCfg = Release|Any CPU
		{F063628C-312B-4405-80DF-693B150F7510}.Release|x64.Build.0 = Release|Any CPU
		{F063628C-312B-4405-80DF-693B150F7510}.Release|x86.ActiveCfg = Release|Any CPU
		{F063628C-312B-4405-80DF-693B150F7510}.Release|x86.Build.0 = Release|Any CPU
		{C84A1EE5-F4E6-4516-B3A6-DE3A5ACAB429}.Debug|Any CPU.ActiveCfg = Debug|Any CPU
		{C84A1EE5-F4E6-4516-B3A6-DE3A5ACAB429}.Debug|Any CPU.Build.0 = Debug|Any CPU
		{C84A1EE5-F4E6-4516-B3A6-DE3A5ACAB429}.Debug|x64.ActiveCfg = Debug|Any CPU
		{C84A1EE5-F4E6-4516-B3A6-DE3A5ACAB429}.Debug|x64.Build.0 = Debug|Any CPU
		{C84A1EE5-F4E6-4516-B3A6-DE3A5ACAB429}.Debug|x86.ActiveCfg = Debug|Any CPU
		{C84A1EE5-F4E6-4516-B3A6-DE3A5ACAB429}.Debug|x86.Build.0 = Debug|Any CPU
		{C84A1EE5-F4E6-4516-B3A6-DE3A5ACAB429}.Release|Any CPU.ActiveCfg = Release|Any CPU
		{C84A1EE5-F4E6-4516-B3A6-DE3A5ACAB429}.Release|Any CPU.Build.0 = Release|Any CPU
		{C84A1EE5-F4E6-4516-B3A6-DE3A5ACAB429}.Release|x64.ActiveCfg = Release|Any CPU
		{C84A1EE5-F4E6-4516-B3A6-DE3A5ACAB429}.Release|x64.Build.0 = Release|Any CPU
		{C84A1EE5-F4E6-4516-B3A6-DE3A5ACAB429}.Release|x86.ActiveCfg = Release|Any CPU
		{C84A1EE5-F4E6-4516-B3A6-DE3A5ACAB429}.Release|x86.Build.0 = Release|Any CPU
		{512E782E-D737-497B-ADA4-ACAE54F9A234}.Debug|Any CPU.ActiveCfg = Debug|Any CPU
		{512E782E-D737-497B-ADA4-ACAE54F9A234}.Debug|Any CPU.Build.0 = Debug|Any CPU
		{512E782E-D737-497B-ADA4-ACAE54F9A234}.Debug|x64.ActiveCfg = Debug|Any CPU
		{512E782E-D737-497B-ADA4-ACAE54F9A234}.Debug|x64.Build.0 = Debug|Any CPU
		{512E782E-D737-497B-ADA4-ACAE54F9A234}.Debug|x86.ActiveCfg = Debug|Any CPU
		{512E782E-D737-497B-ADA4-ACAE54F9A234}.Debug|x86.Build.0 = Debug|Any CPU
		{512E782E-D737-497B-ADA4-ACAE54F9A234}.Release|Any CPU.ActiveCfg = Release|Any CPU
		{512E782E-D737-497B-ADA4-ACAE54F9A234}.Release|Any CPU.Build.0 = Release|Any CPU
		{512E782E-D737-497B-ADA4-ACAE54F9A234}.Release|x64.ActiveCfg = Release|Any CPU
		{512E782E-D737-497B-ADA4-ACAE54F9A234}.Release|x64.Build.0 = Release|Any CPU
		{512E782E-D737-497B-ADA4-ACAE54F9A234}.Release|x86.ActiveCfg = Release|Any CPU
		{512E782E-D737-497B-ADA4-ACAE54F9A234}.Release|x86.Build.0 = Release|Any CPU
		{6F907C6C-CBD6-4082-92B7-3720AC6E449A}.Debug|Any CPU.ActiveCfg = Debug|Any CPU
		{6F907C6C-CBD6-4082-92B7-3720AC6E449A}.Debug|Any CPU.Build.0 = Debug|Any CPU
		{6F907C6C-CBD6-4082-92B7-3720AC6E449A}.Debug|x64.ActiveCfg = Debug|Any CPU
		{6F907C6C-CBD6-4082-92B7-3720AC6E449A}.Debug|x64.Build.0 = Debug|Any CPU
		{6F907C6C-CBD6-4082-92B7-3720AC6E449A}.Debug|x86.ActiveCfg = Debug|Any CPU
		{6F907C6C-CBD6-4082-92B7-3720AC6E449A}.Debug|x86.Build.0 = Debug|Any CPU
		{6F907C6C-CBD6-4082-92B7-3720AC6E449A}.Release|Any CPU.ActiveCfg = Release|Any CPU
		{6F907C6C-CBD6-4082-92B7-3720AC6E449A}.Release|Any CPU.Build.0 = Release|Any CPU
		{6F907C6C-CBD6-4082-92B7-3720AC6E449A}.Release|x64.ActiveCfg = Release|Any CPU
		{6F907C6C-CBD6-4082-92B7-3720AC6E449A}.Release|x64.Build.0 = Release|Any CPU
		{6F907C6C-CBD6-4082-92B7-3720AC6E449A}.Release|x86.ActiveCfg = Release|Any CPU
		{6F907C6C-CBD6-4082-92B7-3720AC6E449A}.Release|x86.Build.0 = Release|Any CPU
		{15C1F5AD-4435-4AD7-87B1-2904F09E49F5}.Debug|Any CPU.ActiveCfg = Debug|Any CPU
		{15C1F5AD-4435-4AD7-87B1-2904F09E49F5}.Debug|Any CPU.Build.0 = Debug|Any CPU
		{15C1F5AD-4435-4AD7-87B1-2904F09E49F5}.Debug|x64.ActiveCfg = Debug|Any CPU
		{15C1F5AD-4435-4AD7-87B1-2904F09E49F5}.Debug|x64.Build.0 = Debug|Any CPU
		{15C1F5AD-4435-4AD7-87B1-2904F09E49F5}.Debug|x86.ActiveCfg = Debug|Any CPU
		{15C1F5AD-4435-4AD7-87B1-2904F09E49F5}.Debug|x86.Build.0 = Debug|Any CPU
		{15C1F5AD-4435-4AD7-87B1-2904F09E49F5}.Release|Any CPU.ActiveCfg = Release|Any CPU
		{15C1F5AD-4435-4AD7-87B1-2904F09E49F5}.Release|Any CPU.Build.0 = Release|Any CPU
		{15C1F5AD-4435-4AD7-87B1-2904F09E49F5}.Release|x64.ActiveCfg = Release|Any CPU
		{15C1F5AD-4435-4AD7-87B1-2904F09E49F5}.Release|x64.Build.0 = Release|Any CPU
		{15C1F5AD-4435-4AD7-87B1-2904F09E49F5}.Release|x86.ActiveCfg = Release|Any CPU
		{15C1F5AD-4435-4AD7-87B1-2904F09E49F5}.Release|x86.Build.0 = Release|Any CPU
		{5BA346DC-84E8-4206-A534-A08E7C35E3F5}.Debug|Any CPU.ActiveCfg = Debug|Any CPU
		{5BA346DC-84E8-4206-A534-A08E7C35E3F5}.Debug|Any CPU.Build.0 = Debug|Any CPU
		{5BA346DC-84E8-4206-A534-A08E7C35E3F5}.Debug|x64.ActiveCfg = Debug|Any CPU
		{5BA346DC-84E8-4206-A534-A08E7C35E3F5}.Debug|x64.Build.0 = Debug|Any CPU
		{5BA346DC-84E8-4206-A534-A08E7C35E3F5}.Debug|x86.ActiveCfg = Debug|Any CPU
		{5BA346DC-84E8-4206-A534-A08E7C35E3F5}.Debug|x86.Build.0 = Debug|Any CPU
		{5BA346DC-84E8-4206-A534-A08E7C35E3F5}.Release|Any CPU.ActiveCfg = Release|Any CPU
		{5BA346DC-84E8-4206-A534-A08E7C35E3F5}.Release|Any CPU.Build.0 = Release|Any CPU
		{5BA346DC-84E8-4206-A534-A08E7C35E3F5}.Release|x64.ActiveCfg = Release|Any CPU
		{5BA346DC-84E8-4206-A534-A08E7C35E3F5}.Release|x64.Build.0 = Release|Any CPU
		{5BA346DC-84E8-4206-A534-A08E7C35E3F5}.Release|x86.ActiveCfg = Release|Any CPU
		{5BA346DC-84E8-4206-A534-A08E7C35E3F5}.Release|x86.Build.0 = Release|Any CPU
		{DC98DBD1-D1D3-457A-A901-B35700AA9EFB}.Debug|Any CPU.ActiveCfg = Debug|Any CPU
		{DC98DBD1-D1D3-457A-A901-B35700AA9EFB}.Debug|Any CPU.Build.0 = Debug|Any CPU
		{DC98DBD1-D1D3-457A-A901-B35700AA9EFB}.Debug|x64.ActiveCfg = Debug|Any CPU
		{DC98DBD1-D1D3-457A-A901-B35700AA9EFB}.Debug|x64.Build.0 = Debug|Any CPU
		{DC98DBD1-D1D3-457A-A901-B35700AA9EFB}.Debug|x86.ActiveCfg = Debug|Any CPU
		{DC98DBD1-D1D3-457A-A901-B35700AA9EFB}.Debug|x86.Build.0 = Debug|Any CPU
		{DC98DBD1-D1D3-457A-A901-B35700AA9EFB}.Release|Any CPU.ActiveCfg = Release|Any CPU
		{DC98DBD1-D1D3-457A-A901-B35700AA9EFB}.Release|Any CPU.Build.0 = Release|Any CPU
		{DC98DBD1-D1D3-457A-A901-B35700AA9EFB}.Release|x64.ActiveCfg = Release|Any CPU
		{DC98DBD1-D1D3-457A-A901-B35700AA9EFB}.Release|x64.Build.0 = Release|Any CPU
		{DC98DBD1-D1D3-457A-A901-B35700AA9EFB}.Release|x86.ActiveCfg = Release|Any CPU
		{DC98DBD1-D1D3-457A-A901-B35700AA9EFB}.Release|x86.Build.0 = Release|Any CPU
		{E4A3ED01-A0F2-4632-9F2B-504E2861949A}.Debug|Any CPU.ActiveCfg = Debug|Any CPU
		{E4A3ED01-A0F2-4632-9F2B-504E2861949A}.Debug|Any CPU.Build.0 = Debug|Any CPU
		{E4A3ED01-A0F2-4632-9F2B-504E2861949A}.Debug|x64.ActiveCfg = Debug|Any CPU
		{E4A3ED01-A0F2-4632-9F2B-504E2861949A}.Debug|x64.Build.0 = Debug|Any CPU
		{E4A3ED01-A0F2-4632-9F2B-504E2861949A}.Debug|x86.ActiveCfg = Debug|Any CPU
		{E4A3ED01-A0F2-4632-9F2B-504E2861949A}.Debug|x86.Build.0 = Debug|Any CPU
		{E4A3ED01-A0F2-4632-9F2B-504E2861949A}.Release|Any CPU.ActiveCfg = Release|Any CPU
		{E4A3ED01-A0F2-4632-9F2B-504E2861949A}.Release|Any CPU.Build.0 = Release|Any CPU
		{E4A3ED01-A0F2-4632-9F2B-504E2861949A}.Release|x64.ActiveCfg = Release|Any CPU
		{E4A3ED01-A0F2-4632-9F2B-504E2861949A}.Release|x64.Build.0 = Release|Any CPU
		{E4A3ED01-A0F2-4632-9F2B-504E2861949A}.Release|x86.ActiveCfg = Release|Any CPU
		{E4A3ED01-A0F2-4632-9F2B-504E2861949A}.Release|x86.Build.0 = Release|Any CPU
		{7EF9945C-2FF2-4769-AE9A-7298D89880DA}.Debug|Any CPU.ActiveCfg = Debug|Any CPU
		{7EF9945C-2FF2-4769-AE9A-7298D89880DA}.Debug|Any CPU.Build.0 = Debug|Any CPU
		{7EF9945C-2FF2-4769-AE9A-7298D89880DA}.Debug|x64.ActiveCfg = Debug|Any CPU
		{7EF9945C-2FF2-4769-AE9A-7298D89880DA}.Debug|x64.Build.0 = Debug|Any CPU
		{7EF9945C-2FF2-4769-AE9A-7298D89880DA}.Debug|x86.ActiveCfg = Debug|Any CPU
		{7EF9945C-2FF2-4769-AE9A-7298D89880DA}.Debug|x86.Build.0 = Debug|Any CPU
		{7EF9945C-2FF2-4769-AE9A-7298D89880DA}.Release|Any CPU.ActiveCfg = Release|Any CPU
		{7EF9945C-2FF2-4769-AE9A-7298D89880DA}.Release|Any CPU.Build.0 = Release|Any CPU
		{7EF9945C-2FF2-4769-AE9A-7298D89880DA}.Release|x64.ActiveCfg = Release|Any CPU
		{7EF9945C-2FF2-4769-AE9A-7298D89880DA}.Release|x64.Build.0 = Release|Any CPU
		{7EF9945C-2FF2-4769-AE9A-7298D89880DA}.Release|x86.ActiveCfg = Release|Any CPU
		{7EF9945C-2FF2-4769-AE9A-7298D89880DA}.Release|x86.Build.0 = Release|Any CPU
		{B2E524D3-089A-4CB8-82CE-544FF576A479}.Debug|Any CPU.ActiveCfg = Debug|Any CPU
		{B2E524D3-089A-4CB8-82CE-544FF576A479}.Debug|Any CPU.Build.0 = Debug|Any CPU
		{B2E524D3-089A-4CB8-82CE-544FF576A479}.Debug|x64.ActiveCfg = Debug|Any CPU
		{B2E524D3-089A-4CB8-82CE-544FF576A479}.Debug|x64.Build.0 = Debug|Any CPU
		{B2E524D3-089A-4CB8-82CE-544FF576A479}.Debug|x86.ActiveCfg = Debug|Any CPU
		{B2E524D3-089A-4CB8-82CE-544FF576A479}.Debug|x86.Build.0 = Debug|Any CPU
		{B2E524D3-089A-4CB8-82CE-544FF576A479}.Release|Any CPU.ActiveCfg = Release|Any CPU
		{B2E524D3-089A-4CB8-82CE-544FF576A479}.Release|Any CPU.Build.0 = Release|Any CPU
		{B2E524D3-089A-4CB8-82CE-544FF576A479}.Release|x64.ActiveCfg = Release|Any CPU
		{B2E524D3-089A-4CB8-82CE-544FF576A479}.Release|x64.Build.0 = Release|Any CPU
		{B2E524D3-089A-4CB8-82CE-544FF576A479}.Release|x86.ActiveCfg = Release|Any CPU
		{B2E524D3-089A-4CB8-82CE-544FF576A479}.Release|x86.Build.0 = Release|Any CPU
		{FDAE545E-7F87-48C2-BB3E-C2DAB54A3D5F}.Debug|Any CPU.ActiveCfg = Debug|Any CPU
		{FDAE545E-7F87-48C2-BB3E-C2DAB54A3D5F}.Debug|Any CPU.Build.0 = Debug|Any CPU
		{FDAE545E-7F87-48C2-BB3E-C2DAB54A3D5F}.Debug|x64.ActiveCfg = Debug|Any CPU
		{FDAE545E-7F87-48C2-BB3E-C2DAB54A3D5F}.Debug|x64.Build.0 = Debug|Any CPU
		{FDAE545E-7F87-48C2-BB3E-C2DAB54A3D5F}.Debug|x86.ActiveCfg = Debug|Any CPU
		{FDAE545E-7F87-48C2-BB3E-C2DAB54A3D5F}.Debug|x86.Build.0 = Debug|Any CPU
		{FDAE545E-7F87-48C2-BB3E-C2DAB54A3D5F}.Release|Any CPU.ActiveCfg = Release|Any CPU
		{FDAE545E-7F87-48C2-BB3E-C2DAB54A3D5F}.Release|Any CPU.Build.0 = Release|Any CPU
		{FDAE545E-7F87-48C2-BB3E-C2DAB54A3D5F}.Release|x64.ActiveCfg = Release|Any CPU
		{FDAE545E-7F87-48C2-BB3E-C2DAB54A3D5F}.Release|x64.Build.0 = Release|Any CPU
		{FDAE545E-7F87-48C2-BB3E-C2DAB54A3D5F}.Release|x86.ActiveCfg = Release|Any CPU
		{FDAE545E-7F87-48C2-BB3E-C2DAB54A3D5F}.Release|x86.Build.0 = Release|Any CPU
		{177764DC-2FB9-49F7-B16C-43260CB8D61D}.Debug|Any CPU.ActiveCfg = Debug|Any CPU
		{177764DC-2FB9-49F7-B16C-43260CB8D61D}.Debug|Any CPU.Build.0 = Debug|Any CPU
		{177764DC-2FB9-49F7-B16C-43260CB8D61D}.Debug|x64.ActiveCfg = Debug|Any CPU
		{177764DC-2FB9-49F7-B16C-43260CB8D61D}.Debug|x64.Build.0 = Debug|Any CPU
		{177764DC-2FB9-49F7-B16C-43260CB8D61D}.Debug|x86.ActiveCfg = Debug|Any CPU
		{177764DC-2FB9-49F7-B16C-43260CB8D61D}.Debug|x86.Build.0 = Debug|Any CPU
		{177764DC-2FB9-49F7-B16C-43260CB8D61D}.Release|Any CPU.ActiveCfg = Release|Any CPU
		{177764DC-2FB9-49F7-B16C-43260CB8D61D}.Release|Any CPU.Build.0 = Release|Any CPU
		{177764DC-2FB9-49F7-B16C-43260CB8D61D}.Release|x64.ActiveCfg = Release|Any CPU
		{177764DC-2FB9-49F7-B16C-43260CB8D61D}.Release|x64.Build.0 = Release|Any CPU
		{177764DC-2FB9-49F7-B16C-43260CB8D61D}.Release|x86.ActiveCfg = Release|Any CPU
		{177764DC-2FB9-49F7-B16C-43260CB8D61D}.Release|x86.Build.0 = Release|Any CPU
		{739C254C-DC96-4F6E-926A-66A1DFB6CDB8}.Debug|Any CPU.ActiveCfg = Debug|Any CPU
		{739C254C-DC96-4F6E-926A-66A1DFB6CDB8}.Debug|Any CPU.Build.0 = Debug|Any CPU
		{739C254C-DC96-4F6E-926A-66A1DFB6CDB8}.Debug|x64.ActiveCfg = Debug|Any CPU
		{739C254C-DC96-4F6E-926A-66A1DFB6CDB8}.Debug|x64.Build.0 = Debug|Any CPU
		{739C254C-DC96-4F6E-926A-66A1DFB6CDB8}.Debug|x86.ActiveCfg = Debug|Any CPU
		{739C254C-DC96-4F6E-926A-66A1DFB6CDB8}.Debug|x86.Build.0 = Debug|Any CPU
		{739C254C-DC96-4F6E-926A-66A1DFB6CDB8}.Release|Any CPU.ActiveCfg = Release|Any CPU
		{739C254C-DC96-4F6E-926A-66A1DFB6CDB8}.Release|Any CPU.Build.0 = Release|Any CPU
		{739C254C-DC96-4F6E-926A-66A1DFB6CDB8}.Release|x64.ActiveCfg = Release|Any CPU
		{739C254C-DC96-4F6E-926A-66A1DFB6CDB8}.Release|x64.Build.0 = Release|Any CPU
		{739C254C-DC96-4F6E-926A-66A1DFB6CDB8}.Release|x86.ActiveCfg = Release|Any CPU
		{739C254C-DC96-4F6E-926A-66A1DFB6CDB8}.Release|x86.Build.0 = Release|Any CPU
		{E2C0837F-9850-4795-921C-03B27C258C38}.Debug|Any CPU.ActiveCfg = Debug|Any CPU
		{E2C0837F-9850-4795-921C-03B27C258C38}.Debug|Any CPU.Build.0 = Debug|Any CPU
		{E2C0837F-9850-4795-921C-03B27C258C38}.Debug|x64.ActiveCfg = Debug|Any CPU
		{E2C0837F-9850-4795-921C-03B27C258C38}.Debug|x64.Build.0 = Debug|Any CPU
		{E2C0837F-9850-4795-921C-03B27C258C38}.Debug|x86.ActiveCfg = Debug|Any CPU
		{E2C0837F-9850-4795-921C-03B27C258C38}.Debug|x86.Build.0 = Debug|Any CPU
		{E2C0837F-9850-4795-921C-03B27C258C38}.Release|Any CPU.ActiveCfg = Release|Any CPU
		{E2C0837F-9850-4795-921C-03B27C258C38}.Release|Any CPU.Build.0 = Release|Any CPU
		{E2C0837F-9850-4795-921C-03B27C258C38}.Release|x64.ActiveCfg = Release|Any CPU
		{E2C0837F-9850-4795-921C-03B27C258C38}.Release|x64.Build.0 = Release|Any CPU
		{E2C0837F-9850-4795-921C-03B27C258C38}.Release|x86.ActiveCfg = Release|Any CPU
		{E2C0837F-9850-4795-921C-03B27C258C38}.Release|x86.Build.0 = Release|Any CPU
		{E17E3B01-A7BF-40A5-91F8-3A45DD92DA3B}.Debug|Any CPU.ActiveCfg = Debug|Any CPU
		{E17E3B01-A7BF-40A5-91F8-3A45DD92DA3B}.Debug|Any CPU.Build.0 = Debug|Any CPU
		{E17E3B01-A7BF-40A5-91F8-3A45DD92DA3B}.Debug|x64.ActiveCfg = Debug|Any CPU
		{E17E3B01-A7BF-40A5-91F8-3A45DD92DA3B}.Debug|x64.Build.0 = Debug|Any CPU
		{E17E3B01-A7BF-40A5-91F8-3A45DD92DA3B}.Debug|x86.ActiveCfg = Debug|Any CPU
		{E17E3B01-A7BF-40A5-91F8-3A45DD92DA3B}.Debug|x86.Build.0 = Debug|Any CPU
		{E17E3B01-A7BF-40A5-91F8-3A45DD92DA3B}.Release|Any CPU.ActiveCfg = Release|Any CPU
		{E17E3B01-A7BF-40A5-91F8-3A45DD92DA3B}.Release|Any CPU.Build.0 = Release|Any CPU
		{E17E3B01-A7BF-40A5-91F8-3A45DD92DA3B}.Release|x64.ActiveCfg = Release|Any CPU
		{E17E3B01-A7BF-40A5-91F8-3A45DD92DA3B}.Release|x64.Build.0 = Release|Any CPU
		{E17E3B01-A7BF-40A5-91F8-3A45DD92DA3B}.Release|x86.ActiveCfg = Release|Any CPU
		{E17E3B01-A7BF-40A5-91F8-3A45DD92DA3B}.Release|x86.Build.0 = Release|Any CPU
		{A8A4B96F-3E4A-424D-B1C7-C7B9D6CB00DC}.Debug|Any CPU.ActiveCfg = Debug|Any CPU
		{A8A4B96F-3E4A-424D-B1C7-C7B9D6CB00DC}.Debug|Any CPU.Build.0 = Debug|Any CPU
		{A8A4B96F-3E4A-424D-B1C7-C7B9D6CB00DC}.Debug|x64.ActiveCfg = Debug|Any CPU
		{A8A4B96F-3E4A-424D-B1C7-C7B9D6CB00DC}.Debug|x64.Build.0 = Debug|Any CPU
		{A8A4B96F-3E4A-424D-B1C7-C7B9D6CB00DC}.Debug|x86.ActiveCfg = Debug|Any CPU
		{A8A4B96F-3E4A-424D-B1C7-C7B9D6CB00DC}.Debug|x86.Build.0 = Debug|Any CPU
		{A8A4B96F-3E4A-424D-B1C7-C7B9D6CB00DC}.Release|Any CPU.ActiveCfg = Release|Any CPU
		{A8A4B96F-3E4A-424D-B1C7-C7B9D6CB00DC}.Release|Any CPU.Build.0 = Release|Any CPU
		{A8A4B96F-3E4A-424D-B1C7-C7B9D6CB00DC}.Release|x64.ActiveCfg = Release|Any CPU
		{A8A4B96F-3E4A-424D-B1C7-C7B9D6CB00DC}.Release|x64.Build.0 = Release|Any CPU
		{A8A4B96F-3E4A-424D-B1C7-C7B9D6CB00DC}.Release|x86.ActiveCfg = Release|Any CPU
		{A8A4B96F-3E4A-424D-B1C7-C7B9D6CB00DC}.Release|x86.Build.0 = Release|Any CPU
	EndGlobalSection
	GlobalSection(SolutionProperties) = preSolution
		HideSolutionNode = FALSE
	EndGlobalSection
	GlobalSection(NestedProjects) = preSolution
		{C1379C31-6F93-4956-BA04-5427BDCEFE4F} = {827E0CD3-B72D-47B6-A68D-7590B98EB39B}
		{AF2E05F2-ACF9-499B-B0CB-6FF309EC19C3} = {0AB3BF05-4346-4AA6-1389-037BE0695223}
		{19B6F619-003B-476E-B7E2-717B3ABA3EF1} = {5D20AA90-6969-D8BD-9DCD-8634F4692FDA}
		{A8F3C21E-9B4D-4E7A-8C1F-2D5E6A7B8C9D} = {5D20AA90-6969-D8BD-9DCD-8634F4692FDA}
		{EFF406BF-0DDC-4688-A645-C0B630F00CF0} = {827E0CD3-B72D-47B6-A68D-7590B98EB39B}
		{617B7086-68C1-4A6F-AEB7-9FBE48F7A0EB} = {827E0CD3-B72D-47B6-A68D-7590B98EB39B}
		{F063628C-312B-4405-80DF-693B150F7510} = {0AB3BF05-4346-4AA6-1389-037BE0695223}
		{C84A1EE5-F4E6-4516-B3A6-DE3A5ACAB429} = {827E0CD3-B72D-47B6-A68D-7590B98EB39B}
		{512E782E-D737-497B-ADA4-ACAE54F9A234} = {5D20AA90-6969-D8BD-9DCD-8634F4692FDA}
		{6F907C6C-CBD6-4082-92B7-3720AC6E449A} = {5D20AA90-6969-D8BD-9DCD-8634F4692FDA}
		{15C1F5AD-4435-4AD7-87B1-2904F09E49F5} = {5D20AA90-6969-D8BD-9DCD-8634F4692FDA}
		{5BA346DC-84E8-4206-A534-A08E7C35E3F5} = {5D20AA90-6969-D8BD-9DCD-8634F4692FDA}
		{DC98DBD1-D1D3-457A-A901-B35700AA9EFB} = {5D20AA90-6969-D8BD-9DCD-8634F4692FDA}
		{E4A3ED01-A0F2-4632-9F2B-504E2861949A} = {5D20AA90-6969-D8BD-9DCD-8634F4692FDA}
		{7EF9945C-2FF2-4769-AE9A-7298D89880DA} = {5D20AA90-6969-D8BD-9DCD-8634F4692FDA}
		{B2E524D3-089A-4CB8-82CE-544FF576A479} = {5D20AA90-6969-D8BD-9DCD-8634F4692FDA}
		{FDAE545E-7F87-48C2-BB3E-C2DAB54A3D5F} = {5D20AA90-6969-D8BD-9DCD-8634F4692FDA}
		{177764DC-2FB9-49F7-B16C-43260CB8D61D} = {5D20AA90-6969-D8BD-9DCD-8634F4692FDA}
		{739C254C-DC96-4F6E-926A-66A1DFB6CDB8} = {66320409-64EC-F7C5-3DEF-65E7510DAAD1}
		{E2C0837F-9850-4795-921C-03B27C258C38} = {827E0CD3-B72D-47B6-A68D-7590B98EB39B}
		{E17E3B01-A7BF-40A5-91F8-3A45DD92DA3B} = {0AB3BF05-4346-4AA6-1389-037BE0695223}
		{A8A4B96F-3E4A-424D-B1C7-C7B9D6CB00DC} = {5D20AA90-6969-D8BD-9DCD-8634F4692FDA}
	EndGlobalSection
EndGlobal
